
Microsoft Visual Studio Solution File, Format Version 12.00
# Visual Studio Version 16
VisualStudioVersion = 16.0.30204.135
MinimumVisualStudioVersion = 10.0.40219.1
Project("{FAE04EC0-301F-11D3-BF4B-00C04F79EFBC}") = "Lab1", "Lab1\Lab1.csproj", "{6DF954D7-6A3E-47F1-9425-C5C0BC6BDFBF}"
EndProject
Global
	GlobalSection(SolutionConfigurationPlatforms) = preSolution
		Debug|Any CPU = Debug|Any CPU
		Release|Any CPU = Release|Any CPU
	EndGlobalSection
	GlobalSection(ProjectConfigurationPlatforms) = postSolution
		{6DF954D7-6A3E-47F1-9425-C5C0BC6BDFBF}.Debug|Any CPU.ActiveCfg = Debug|Any CPU
		{6DF954D7-6A3E-47F1-9425-C5C0BC6BDFBF}.Debug|Any CPU.Build.0 = Debug|Any CPU
		{6DF954D7-6A3E-47F1-9425-C5C0BC6BDFBF}.Release|Any CPU.ActiveCfg = Release|Any CPU
		{6DF954D7-6A3E-47F1-9425-C5C0BC6BDFBF}.Release|Any CPU.Build.0 = Release|Any CPU
	EndGlobalSection
	GlobalSection(SolutionProperties) = preSolution
		HideSolutionNode = FALSE
	EndGlobalSection
	GlobalSection(ExtensibilityGlobals) = postSolution
		SolutionGuid = {E1341E2A-4E1C-46B4-95C6-9AA2A63BD3AD}
	EndGlobalSection
EndGlobal
